// !$*UTF8*$!
{
	archiveVersion = 1;
	classes = {
	};
	objectVersion = 46;
	objects = {

/* Begin PBXBuildFile section */
		F85A3D851DCF3C0200649FEA /* main.m in Sources */ = {isa = PBXBuildFile; fileRef = F85A3D841DCF3C0200649FEA /* main.m */; };
		F85A3D881DCF3C0200649FEA /* AppDelegate.m in Sources */ = {isa = PBXBuildFile; fileRef = F85A3D871DCF3C0200649FEA /* AppDelegate.m */; };
		F85A3D8B1DCF3C0200649FEA /* ViewController.m in Sources */ = {isa = PBXBuildFile; fileRef = F85A3D8A1DCF3C0200649FEA /* ViewController.m */; };
		F85A3D8E1DCF3C0200649FEA /* Main.storyboard in Resources */ = {isa = PBXBuildFile; fileRef = F85A3D8C1DCF3C0200649FEA /* Main.storyboard */; };
		F85A3D901DCF3C0200649FEA /* Assets.xcassets in Resources */ = {isa = PBXBuildFile; fileRef = F85A3D8F1DCF3C0200649FEA /* Assets.xcassets */; };
		F85A3D931DCF3C0200649FEA /* LaunchScreen.storyboard in Resources */ = {isa = PBXBuildFile; fileRef = F85A3D911DCF3C0200649FEA /* LaunchScreen.storyboard */; };
		F85A3D9D1DCF3CB000649FEA /* AVStudent.m in Sources */ = {isa = PBXBuildFile; fileRef = F85A3D9C1DCF3CB000649FEA /* AVStudent.m */; };
/* End PBXBuildFile section */

/* Begin PBXFileReference section */
		F85A3D801DCF3C0100649FEA /* 13.Threads.app */ = {isa = PBXFileReference; explicitFileType = wrapper.application; includeInIndex = 0; path = 13.Threads.app; sourceTree = BUILT_PRODUCTS_DIR; };
		F85A3D841DCF3C0200649FEA /* main.m */ = {isa = PBXFileReference; lastKnownFileType = sourcecode.c.objc; path = main.m; sourceTree = "<group>"; };
		F85A3D861DCF3C0200649FEA /* AppDelegate.h */ = {isa = PBXFileReference; lastKnownFileType = sourcecode.c.h; path = AppDelegate.h; sourceTree = "<group>"; };
		F85A3D871DCF3C0200649FEA /* AppDelegate.m */ = {isa = PBXFileReference; lastKnownFileType = sourcecode.c.objc; path = AppDelegate.m; sourceTree = "<group>"; };
		F85A3D891DCF3C0200649FEA /* ViewController.h */ = {isa = PBXFileReference; lastKnownFileType = sourcecode.c.h; path = ViewController.h; sourceTree = "<group>"; };
		F85A3D8A1DCF3C0200649FEA /* ViewController.m */ = {isa = PBXFileReference; lastKnownFileType = sourcecode.c.objc; path = ViewController.m; sourceTree = "<group>"; };
		F85A3D8D1DCF3C0200649FEA /* Base */ = {isa = PBXFileReference; lastKnownFileType = file.storyboard; name = Base; path = Base.lproj/Main.storyboard; sourceTree = "<group>"; };
		F85A3D8F1DCF3C0200649FEA /* Assets.xcassets */ = {isa = PBXFileReference; lastKnownFileType = folder.assetcatalog; path = Assets.xcassets; sourceTree = "<group>"; };
		F85A3D921DCF3C0200649FEA /* Base */ = {isa = PBXFileReference; lastKnownFileType = file.storyboard; name = Base; path = Base.lproj/LaunchScreen.storyboard; sourceTree = "<group>"; };
		F85A3D941DCF3C0200649FEA /* Info.plist */ = {isa = PBXFileReference; lastKnownFileType = text.plist.xml; path = Info.plist; sourceTree = "<group>"; };
		F85A3D9B1DCF3CB000649FEA /* AVStudent.h */ = {isa = PBXFileReference; fileEncoding = 4; lastKnownFileType = sourcecode.c.h; name = AVStudent.h; path = Classes/AVStudent.h; sourceTree = "<group>"; };
		F85A3D9C1DCF3CB000649FEA /* AVStudent.m */ = {isa = PBXFileReference; fileEncoding = 4; lastKnownFileType = sourcecode.c.objc; name = AVStudent.m; path = Classes/AVStudent.m; sourceTree = "<group>"; };
/* End PBXFileReference section */

/* Begin PBXFrameworksBuildPhase section */
		F85A3D7D1DCF3C0100649FEA /* Frameworks */ = {
			isa = PBXFrameworksBuildPhase;
			buildActionMask = 2147483647;
			files = (
			);
			runOnlyForDeploymentPostprocessing = 0;
		};
/* End PBXFrameworksBuildPhase section */

/* Begin PBXGroup section */
		F85A3D771DCF3C0100649FEA = {
			isa = PBXGroup;
			children = (
				F85A3D821DCF3C0100649FEA /* 13.Threads */,
				F85A3D811DCF3C0100649FEA /* Products */,
			);
			sourceTree = "<group>";
		};
		F85A3D811DCF3C0100649FEA /* Products */ = {
			isa = PBXGroup;
			children = (
				F85A3D801DCF3C0100649FEA /* 13.Threads.app */,
			);
			name = Products;
			sourceTree = "<group>";
		};
		F85A3D821DCF3C0100649FEA /* 13.Threads */ = {
			isa = PBXGroup;
			children = (
				F85A3D861DCF3C0200649FEA /* AppDelegate.h */,
				F85A3D871DCF3C0200649FEA /* AppDelegate.m */,
				F85A3D891DCF3C0200649FEA /* ViewController.h */,
				F85A3D8A1DCF3C0200649FEA /* ViewController.m */,
				F85A3D8C1DCF3C0200649FEA /* Main.storyboard */,
				F85A3D8F1DCF3C0200649FEA /* Assets.xcassets */,
				F85A3D911DCF3C0200649FEA /* LaunchScreen.storyboard */,
				F85A3D941DCF3C0200649FEA /* Info.plist */,
				F85A3D9A1DCF3C5A00649FEA /* Classes */,
				F85A3D831DCF3C0100649FEA /* Supporting Files */,
			);
			path = 13.Threads;
			sourceTree = "<group>";
		};
		F85A3D831DCF3C0100649FEA /* Supporting Files */ = {
			isa = PBXGroup;
			children = (
				F85A3D841DCF3C0200649FEA /* main.m */,
			);
			name = "Supporting Files";
			sourceTree = "<group>";
		};
		F85A3D9A1DCF3C5A00649FEA /* Classes */ = {
			isa = PBXGroup;
			children = (
				F85A3D9B1DCF3CB000649FEA /* AVStudent.h */,
				F85A3D9C1DCF3CB000649FEA /* AVStudent.m */,
			);
			name = Classes;
			sourceTree = "<group>";
		};
/* End PBXGroup section */

/* Begin PBXNativeTarget section */
		F85A3D7F1DCF3C0100649FEA /* 13.Threads */ = {
			isa = PBXNativeTarget;
			buildConfigurationList = F85A3D971DCF3C0200649FEA /* Build configuration list for PBXNativeTarget "13.Threads" */;
			buildPhases = (
				F85A3D7C1DCF3C0100649FEA /* Sources */,
				F85A3D7D1DCF3C0100649FEA /* Frameworks */,
				F85A3D7E1DCF3C0100649FEA /* Resources */,
			);
			buildRules = (
			);
			dependencies = (
			);
			name = 13.Threads;
			productName = 13.Threads;
			productReference = F85A3D801DCF3C0100649FEA /* 13.Threads.app */;
			productType = "com.apple.product-type.application";
		};
/* End PBXNativeTarget section */

/* Begin PBXProject section */
		F85A3D781DCF3C0100649FEA /* Project object */ = {
			isa = PBXProject;
			attributes = {
				LastUpgradeCheck = 0810;
				ORGANIZATIONNAME = "Vladimir Ananko";
				TargetAttributes = {
					F85A3D7F1DCF3C0100649FEA = {
						CreatedOnToolsVersion = 8.1;
						DevelopmentTeam = PN5652MYT3;
						ProvisioningStyle = Automatic;
					};
				};
			};
			buildConfigurationList = F85A3D7B1DCF3C0100649FEA /* Build configuration list for PBXProject "13.Threads" */;
			compatibilityVersion = "Xcode 3.2";
			developmentRegion = English;
			hasScannedForEncodings = 0;
			knownRegions = (
				en,
				Base,
			);
			mainGroup = F85A3D771DCF3C0100649FEA;
			productRefGroup = F85A3D811DCF3C0100649FEA /* Products */;
			projectDirPath = "";
			projectRoot = "";
			targets = (
				F85A3D7F1DCF3C0100649FEA /* 13.Threads */,
			);
		};
/* End PBXProject section */

/* Begin PBXResourcesBuildPhase section */
		F85A3D7E1DCF3C0100649FEA /* Resources */ = {
			isa = PBXResourcesBuildPhase;
			buildActionMask = 2147483647;
			files = (
				F85A3D931DCF3C0200649FEA /* LaunchScreen.storyboard in Resources */,
				F85A3D901DCF3C0200649FEA /* Assets.xcassets in Resources */,
				F85A3D8E1DCF3C0200649FEA /* Main.storyboard in Resources */,
			);
			runOnlyForDeploymentPostprocessing = 0;
		};
/* End PBXResourcesBuildPhase section */

/* Begin PBXSourcesBuildPhase section */
		F85A3D7C1DCF3C0100649FEA /* Sources */ = {
			isa = PBXSourcesBuildPhase;
			buildActionMask = 2147483647;
			files = (
				F85A3D9D1DCF3CB000649FEA /* AVStudent.m in Sources */,
				F85A3D8B1DCF3C0200649FEA /* ViewController.m in Sources */,
				F85A3D881DCF3C0200649FEA /* AppDelegate.m in Sources */,
				F85A3D851DCF3C0200649FEA /* main.m in Sources */,
			);
			runOnlyForDeploymentPostprocessing = 0;
		};
/* End PBXSourcesBuildPhase section */

/* Begin PBXVariantGroup section */
		F85A3D8C1DCF3C0200649FEA /* Main.storyboard */ = {
			isa = PBXVariantGroup;
			children = (
				F85A3D8D1DCF3C0200649FEA /* Base */,
			);
			name = Main.storyboard;
			sourceTree = "<group>";
		};
		F85A3D911DCF3C0200649FEA /* LaunchScreen.storyboard */ = {
			isa = PBXVariantGroup;
			children = (
				F85A3D921DCF3C0200649FEA /* Base */,
			);
			name = LaunchScreen.storyboard;
			sourceTree = "<group>";
		};
/* End PBXVariantGroup section */

/* Begin XCBuildConfiguration section */
		F85A3D951DCF3C0200649FEA /* Debug */ = {
			isa = XCBuildConfiguration;
			buildSettings = {
				ALWAYS_SEARCH_USER_PATHS = NO;
				CLANG_ANALYZER_NONNULL = YES;
				CLANG_CXX_LANGUAGE_STANDARD = "gnu++0x";
				CLANG_CXX_LIBRARY = "libc++";
				CLANG_ENABLE_MODULES = YES;
				CLANG_ENABLE_OBJC_ARC = YES;
				CLANG_WARN_BOOL_CONVERSION = YES;
				CLANG_WARN_CONSTANT_CONVERSION = YES;
				CLANG_WARN_DIRECT_OBJC_ISA_USAGE = YES_ERROR;
				CLANG_WARN_DOCUMENTATION_COMMENTS = YES;
				CLANG_WARN_EMPTY_BODY = YES;
				CLANG_WARN_ENUM_CONVERSION = YES;
				CLANG_WARN_INFINITE_RECURSION = YES;
				CLANG_WARN_INT_CONVERSION = YES;
				CLANG_WARN_OBJC_ROOT_CLASS = YES_ERROR;
				CLANG_WARN_SUSPICIOUS_MOVES = YES;
				CLANG_WARN_UNREACHABLE_CODE = YES;
				CLANG_WARN__DUPLICATE_METHOD_MATCH = YES;
				"CODE_SIGN_IDENTITY[sdk=iphoneos*]" = "iPhone Developer";
				COPY_PHASE_STRIP = NO;
				DEBUG_INFORMATION_FORMAT = dwarf;
				ENABLE_STRICT_OBJC_MSGSEND = YES;
				ENABLE_TESTABILITY = YES;
				GCC_C_LANGUAGE_STANDARD = gnu99;
				GCC_DYNAMIC_NO_PIC = NO;
				GCC_NO_COMMON_BLOCKS = YES;
				GCC_OPTIMIZATION_LEVEL = 0;
				GCC_PREPROCESSOR_DEFINITIONS = (
					"DEBUG=1",
					"$(inherited)",
				);
				GCC_WARN_64_TO_32_BIT_CONVERSION = YES;
				GCC_WARN_ABOUT_RETURN_TYPE = YES_ERROR;
				GCC_WARN_UNDECLARED_SELECTOR = YES;
				GCC_WARN_UNINITIALIZED_AUTOS = YES_AGGRESSIVE;
				GCC_WARN_UNUSED_FUNCTION = YES;
				GCC_WARN_UNUSED_VARIABLE = YES;
				IPHONEOS_DEPLOYMENT_TARGET = 10.1;
				MTL_ENABLE_DEBUG_INFO = YES;
				ONLY_ACTIVE_ARCH = YES;
				SDKROOT = iphoneos;
				TARGETED_DEVICE_FAMILY = "1,2";
			};
			name = Debug;
		};
		F85A3D961DCF3C0200649FEA /* Release */ = {
			isa = XCBuildConfiguration;
			buildSettings = {
				ALWAYS_SEARCH_USER_PATHS = NO;
				CLANG_ANALYZER_NONNULL = YES;
				CLANG_CXX_LANGUAGE_STANDARD = "gnu++0x";
				CLANG_CXX_LIBRARY = "libc++";
				CLANG_ENABLE_MODULES = YES;
				CLANG_ENABLE_OBJC_ARC = YES;
				CLANG_WARN_BOOL_CONVERSION = YES;
				CLANG_WARN_CONSTANT_CONVERSION = YES;
				CLANG_WARN_DIRECT_OBJC_ISA_USAGE = YES_ERROR;
				CLANG_WARN_DOCUMENTATION_COMMENTS = YES;
				CLANG_WARN_EMPTY_BODY = YES;
				CLANG_WARN_ENUM_CONVERSION = YES;
				CLANG_WARN_INFINITE_RECURSION = YES;
				CLANG_WARN_INT_CONVERSION = YES;
				CLANG_WARN_OBJC_ROOT_CLASS = YES_ERROR;
				CLANG_WARN_SUSPICIOUS_MOVES = YES;
				CLANG_WARN_UNREACHABLE_CODE = YES;
				CLANG_WARN__DUPLICATE_METHOD_MATCH = YES;
				"CODE_SIGN_IDENTITY[sdk=iphoneos*]" = "iPhone Developer";
				COPY_PHASE_STRIP = NO;
				DEBUG_INFORMATION_FORMAT = "dwarf-with-dsym";
				ENABLE_NS_ASSERTIONS = NO;
				ENABLE_STRICT_OBJC_MSGSEND = YES;
				GCC_C_LANGUAGE_STANDARD = gnu99;
				GCC_NO_COMMON_BLOCKS = YES;
				GCC_WARN_64_TO_32_BIT_CONVERSION = YES;
				GCC_WARN_ABOUT_RETURN_TYPE = YES_ERROR;
				GCC_WARN_UNDECLARED_SELECTOR = YES;
				GCC_WARN_UNINITIALIZED_AUTOS = YES_AGGRESSIVE;
				GCC_WARN_UNUSED_FUNCTION = YES;
				GCC_WARN_UNUSED_VARIABLE = YES;
				IPHONEOS_DEPLOYMENT_TARGET = 10.1;
				MTL_ENABLE_DEBUG_INFO = NO;
				SDKROOT = iphoneos;
				TARGETED_DEVICE_FAMILY = "1,2";
				VALIDATE_PRODUCT = YES;
			};
			name = Release;
		};
		F85A3D981DCF3C0200649FEA /* Debug */ = {
			isa = XCBuildConfiguration;
			buildSettings = {
				ASSETCATALOG_COMPILER_APPICON_NAME = AppIcon;
				DEVELOPMENT_TEAM = PN5652MYT3;
				INFOPLIST_FILE = 13.Threads/Info.plist;
				IPHONEOS_DEPLOYMENT_TARGET = 9.2;
				LD_RUNPATH_SEARCH_PATHS = "$(inherited) @executable_path/Frameworks";
				PRODUCT_BUNDLE_IDENTIFIER = "com.nograsby.-3-Threads";
				PRODUCT_NAME = "$(TARGET_NAME)";
			};
			name = Debug;
		};
		F85A3D991DCF3C0200649FEA /* Release */ = {
			isa = XCBuildConfiguration;
			buildSettings = {
				ASSETCATALOG_COMPILER_APPICON_NAME = AppIcon;
				DEVELOPMENT_TEAM = PN5652MYT3;
				INFOPLIST_FILE = 13.Threads/Info.plist;
				IPHONEOS_DEPLOYMENT_TARGET = 9.2;
				LD_RUNPATH_SEARCH_PATHS = "$(inherited) @executable_path/Frameworks";
				PRODUCT_BUNDLE_IDENTIFIER = "com.nograsby.-3-Threads";
				PRODUCT_NAME = "$(TARGET_NAME)";
			};
			name = Release;
		};
/* End XCBuildConfiguration section */

/* Begin XCConfigurationList section */
		F85A3D7B1DCF3C0100649FEA /* Build configuration list for PBXProject "13.Threads" */ = {
			isa = XCConfigurationList;
			buildConfigurations = (
				F85A3D951DCF3C0200649FEA /* Debug */,
				F85A3D961DCF3C0200649FEA /* Release */,
			);
			defaultConfigurationIsVisible = 0;
			defaultConfigurationName = Release;
		};
		F85A3D971DCF3C0200649FEA /* Build configuration list for PBXNativeTarget "13.Threads" */ = {
			isa = XCConfigurationList;
			buildConfigurations = (
				F85A3D981DCF3C0200649FEA /* Debug */,
				F85A3D991DCF3C0200649FEA /* Release */,
			);
			defaultConfigurationIsVisible = 0;
			defaultConfigurationName = Release;
		};
/* End XCConfigurationList section */
	};
	rootObject = F85A3D781DCF3C0100649FEA /* Project object */;
}
