// !$*UTF8*$!
{
	archiveVersion = 1;
	classes = {
	};
	objectVersion = 46;
	objects = {

/* Begin PBXBuildFile section */
		F8EC48C61CBAAA6700724512 /* main.m in Sources */ = {isa = PBXBuildFile; fileRef = F8EC48C51CBAAA6700724512 /* main.m */; };
		F8EC48C91CBAAA6700724512 /* AppDelegate.m in Sources */ = {isa = PBXBuildFile; fileRef = F8EC48C81CBAAA6700724512 /* AppDelegate.m */; };
		F8EC48CC1CBAAA6700724512 /* ViewController.m in Sources */ = {isa = PBXBuildFile; fileRef = F8EC48CB1CBAAA6700724512 /* ViewController.m */; };
		F8EC48CF1CBAAA6700724512 /* Main.storyboard in Resources */ = {isa = PBXBuildFile; fileRef = F8EC48CD1CBAAA6700724512 /* Main.storyboard */; };
		F8EC48D11CBAAA6700724512 /* Assets.xcassets in Resources */ = {isa = PBXBuildFile; fileRef = F8EC48D01CBAAA6700724512 /* Assets.xcassets */; };
		F8EC48D41CBAAA6700724512 /* LaunchScreen.storyboard in Resources */ = {isa = PBXBuildFile; fileRef = F8EC48D21CBAAA6700724512 /* LaunchScreen.storyboard */; };
		F8EC48E61CBAAC1200724512 /* Human.m in Sources */ = {isa = PBXBuildFile; fileRef = F8EC48E31CBAAC1200724512 /* Human.m */; };
		F8EC48E71CBAAC1200724512 /* Jumper.m in Sources */ = {isa = PBXBuildFile; fileRef = F8EC48E51CBAAC1200724512 /* Jumper.m */; };
		F8EC48EA1CBAAC8F00724512 /* Runner.m in Sources */ = {isa = PBXBuildFile; fileRef = F8EC48E91CBAAC8F00724512 /* Runner.m */; };
		F8EC48ED1CBAACB000724512 /* Swimmer.m in Sources */ = {isa = PBXBuildFile; fileRef = F8EC48EC1CBAACB000724512 /* Swimmer.m */; };
		F8EC48F11CBAB00600724512 /* Animal.m in Sources */ = {isa = PBXBuildFile; fileRef = F8EC48F01CBAB00600724512 /* Animal.m */; };
		F8EC48F41CBAB0F000724512 /* Kangaroo.m in Sources */ = {isa = PBXBuildFile; fileRef = F8EC48F31CBAB0F000724512 /* Kangaroo.m */; };
		F8EC48F71CBAB18100724512 /* Horse.m in Sources */ = {isa = PBXBuildFile; fileRef = F8EC48F61CBAB18100724512 /* Horse.m */; };
/* End PBXBuildFile section */

/* Begin PBXFileReference section */
		F8EC48C11CBAAA6700724512 /* 7.Protocols.app */ = {isa = PBXFileReference; explicitFileType = wrapper.application; includeInIndex = 0; path = 7.Protocols.app; sourceTree = BUILT_PRODUCTS_DIR; };
		F8EC48C51CBAAA6700724512 /* main.m */ = {isa = PBXFileReference; lastKnownFileType = sourcecode.c.objc; path = main.m; sourceTree = "<group>"; };
		F8EC48C71CBAAA6700724512 /* AppDelegate.h */ = {isa = PBXFileReference; lastKnownFileType = sourcecode.c.h; path = AppDelegate.h; sourceTree = "<group>"; };
		F8EC48C81CBAAA6700724512 /* AppDelegate.m */ = {isa = PBXFileReference; lastKnownFileType = sourcecode.c.objc; path = AppDelegate.m; sourceTree = "<group>"; };
		F8EC48CA1CBAAA6700724512 /* ViewController.h */ = {isa = PBXFileReference; lastKnownFileType = sourcecode.c.h; path = ViewController.h; sourceTree = "<group>"; };
		F8EC48CB1CBAAA6700724512 /* ViewController.m */ = {isa = PBXFileReference; lastKnownFileType = sourcecode.c.objc; path = ViewController.m; sourceTree = "<group>"; };
		F8EC48CE1CBAAA6700724512 /* Base */ = {isa = PBXFileReference; lastKnownFileType = file.storyboard; name = Base; path = Base.lproj/Main.storyboard; sourceTree = "<group>"; };
		F8EC48D01CBAAA6700724512 /* Assets.xcassets */ = {isa = PBXFileReference; lastKnownFileType = folder.assetcatalog; path = Assets.xcassets; sourceTree = "<group>"; };
		F8EC48D31CBAAA6700724512 /* Base */ = {isa = PBXFileReference; lastKnownFileType = file.storyboard; name = Base; path = Base.lproj/LaunchScreen.storyboard; sourceTree = "<group>"; };
		F8EC48D51CBAAA6700724512 /* Info.plist */ = {isa = PBXFileReference; lastKnownFileType = text.plist.xml; path = Info.plist; sourceTree = "<group>"; };
		F8EC48E21CBAAC1200724512 /* Human.h */ = {isa = PBXFileReference; fileEncoding = 4; lastKnownFileType = sourcecode.c.h; path = Human.h; sourceTree = "<group>"; };
		F8EC48E31CBAAC1200724512 /* Human.m */ = {isa = PBXFileReference; fileEncoding = 4; lastKnownFileType = sourcecode.c.objc; path = Human.m; sourceTree = "<group>"; };
		F8EC48E41CBAAC1200724512 /* Jumper.h */ = {isa = PBXFileReference; fileEncoding = 4; lastKnownFileType = sourcecode.c.h; path = Jumper.h; sourceTree = "<group>"; };
		F8EC48E51CBAAC1200724512 /* Jumper.m */ = {isa = PBXFileReference; fileEncoding = 4; lastKnownFileType = sourcecode.c.objc; path = Jumper.m; sourceTree = "<group>"; };
		F8EC48E81CBAAC8F00724512 /* Runner.h */ = {isa = PBXFileReference; fileEncoding = 4; lastKnownFileType = sourcecode.c.h; path = Runner.h; sourceTree = "<group>"; };
		F8EC48E91CBAAC8F00724512 /* Runner.m */ = {isa = PBXFileReference; fileEncoding = 4; lastKnownFileType = sourcecode.c.objc; path = Runner.m; sourceTree = "<group>"; };
		F8EC48EB1CBAACB000724512 /* Swimmer.h */ = {isa = PBXFileReference; fileEncoding = 4; lastKnownFileType = sourcecode.c.h; path = Swimmer.h; sourceTree = "<group>"; };
		F8EC48EC1CBAACB000724512 /* Swimmer.m */ = {isa = PBXFileReference; fileEncoding = 4; lastKnownFileType = sourcecode.c.objc; path = Swimmer.m; sourceTree = "<group>"; };
		F8EC48EF1CBAB00600724512 /* Animal.h */ = {isa = PBXFileReference; fileEncoding = 4; lastKnownFileType = sourcecode.c.h; path = Animal.h; sourceTree = "<group>"; };
		F8EC48F01CBAB00600724512 /* Animal.m */ = {isa = PBXFileReference; fileEncoding = 4; lastKnownFileType = sourcecode.c.objc; path = Animal.m; sourceTree = "<group>"; };
		F8EC48F21CBAB0F000724512 /* Kangaroo.h */ = {isa = PBXFileReference; fileEncoding = 4; lastKnownFileType = sourcecode.c.h; path = Kangaroo.h; sourceTree = "<group>"; };
		F8EC48F31CBAB0F000724512 /* Kangaroo.m */ = {isa = PBXFileReference; fileEncoding = 4; lastKnownFileType = sourcecode.c.objc; path = Kangaroo.m; sourceTree = "<group>"; };
		F8EC48F51CBAB18100724512 /* Horse.h */ = {isa = PBXFileReference; fileEncoding = 4; lastKnownFileType = sourcecode.c.h; path = Horse.h; sourceTree = "<group>"; };
		F8EC48F61CBAB18100724512 /* Horse.m */ = {isa = PBXFileReference; fileEncoding = 4; lastKnownFileType = sourcecode.c.objc; path = Horse.m; sourceTree = "<group>"; };
		F8EC48F81CBAB29000724512 /* Jumpers.h */ = {isa = PBXFileReference; fileEncoding = 4; lastKnownFileType = sourcecode.c.h; path = Jumpers.h; sourceTree = "<group>"; };
		F8EC48F91CBACC2900724512 /* Runners.h */ = {isa = PBXFileReference; fileEncoding = 4; lastKnownFileType = sourcecode.c.h; path = Runners.h; sourceTree = "<group>"; };
		F8EC48FA1CBAD49A00724512 /* Swimmers.h */ = {isa = PBXFileReference; fileEncoding = 4; lastKnownFileType = sourcecode.c.h; path = Swimmers.h; sourceTree = "<group>"; };
/* End PBXFileReference section */

/* Begin PBXFrameworksBuildPhase section */
		F8EC48BE1CBAAA6700724512 /* Frameworks */ = {
			isa = PBXFrameworksBuildPhase;
			buildActionMask = 2147483647;
			files = (
			);
			runOnlyForDeploymentPostprocessing = 0;
		};
/* End PBXFrameworksBuildPhase section */

/* Begin PBXGroup section */
		F8EC48B81CBAAA6700724512 = {
			isa = PBXGroup;
			children = (
				F8EC48C31CBAAA6700724512 /* 7.Protocols */,
				F8EC48C21CBAAA6700724512 /* Products */,
			);
			sourceTree = "<group>";
		};
		F8EC48C21CBAAA6700724512 /* Products */ = {
			isa = PBXGroup;
			children = (
				F8EC48C11CBAAA6700724512 /* 7.Protocols.app */,
			);
			name = Products;
			sourceTree = "<group>";
		};
		F8EC48C31CBAAA6700724512 /* 7.Protocols */ = {
			isa = PBXGroup;
			children = (
				F8EC48C71CBAAA6700724512 /* AppDelegate.h */,
				F8EC48C81CBAAA6700724512 /* AppDelegate.m */,
				F8EC48F81CBAB29000724512 /* Jumpers.h */,
				F8EC48F91CBACC2900724512 /* Runners.h */,
				F8EC48FA1CBAD49A00724512 /* Swimmers.h */,
				F8EC48E11CBAAC1200724512 /* Humans */,
				F8EC48EE1CBAAFB200724512 /* Animals */,
				F8EC48CA1CBAAA6700724512 /* ViewController.h */,
				F8EC48CB1CBAAA6700724512 /* ViewController.m */,
				F8EC48CD1CBAAA6700724512 /* Main.storyboard */,
				F8EC48D01CBAAA6700724512 /* Assets.xcassets */,
				F8EC48D21CBAAA6700724512 /* LaunchScreen.storyboard */,
				F8EC48D51CBAAA6700724512 /* Info.plist */,
				F8EC48C41CBAAA6700724512 /* Supporting Files */,
			);
			path = 7.Protocols;
			sourceTree = "<group>";
		};
		F8EC48C41CBAAA6700724512 /* Supporting Files */ = {
			isa = PBXGroup;
			children = (
				F8EC48C51CBAAA6700724512 /* main.m */,
			);
			name = "Supporting Files";
			sourceTree = "<group>";
		};
		F8EC48E11CBAAC1200724512 /* Humans */ = {
			isa = PBXGroup;
			children = (
				F8EC48E21CBAAC1200724512 /* Human.h */,
				F8EC48E31CBAAC1200724512 /* Human.m */,
				F8EC48E41CBAAC1200724512 /* Jumper.h */,
				F8EC48E51CBAAC1200724512 /* Jumper.m */,
				F8EC48E81CBAAC8F00724512 /* Runner.h */,
				F8EC48E91CBAAC8F00724512 /* Runner.m */,
				F8EC48EB1CBAACB000724512 /* Swimmer.h */,
				F8EC48EC1CBAACB000724512 /* Swimmer.m */,
			);
			path = Humans;
			sourceTree = "<group>";
		};
		F8EC48EE1CBAAFB200724512 /* Animals */ = {
			isa = PBXGroup;
			children = (
				F8EC48EF1CBAB00600724512 /* Animal.h */,
				F8EC48F01CBAB00600724512 /* Animal.m */,
				F8EC48F21CBAB0F000724512 /* Kangaroo.h */,
				F8EC48F31CBAB0F000724512 /* Kangaroo.m */,
				F8EC48F51CBAB18100724512 /* Horse.h */,
				F8EC48F61CBAB18100724512 /* Horse.m */,
			);
			name = Animals;
			path = 7.Protocols/Animals;
			sourceTree = SOURCE_ROOT;
		};
/* End PBXGroup section */

/* Begin PBXNativeTarget section */
		F8EC48C01CBAAA6700724512 /* 7.Protocols */ = {
			isa = PBXNativeTarget;
			buildConfigurationList = F8EC48D81CBAAA6700724512 /* Build configuration list for PBXNativeTarget "7.Protocols" */;
			buildPhases = (
				F8EC48BD1CBAAA6700724512 /* Sources */,
				F8EC48BE1CBAAA6700724512 /* Frameworks */,
				F8EC48BF1CBAAA6700724512 /* Resources */,
			);
			buildRules = (
			);
			dependencies = (
			);
			name = 7.Protocols;
			productName = 7.Protocols;
			productReference = F8EC48C11CBAAA6700724512 /* 7.Protocols.app */;
			productType = "com.apple.product-type.application";
		};
/* End PBXNativeTarget section */

/* Begin PBXProject section */
		F8EC48B91CBAAA6700724512 /* Project object */ = {
			isa = PBXProject;
			attributes = {
				LastUpgradeCheck = 0720;
				ORGANIZATIONNAME = AV;
				TargetAttributes = {
					F8EC48C01CBAAA6700724512 = {
						CreatedOnToolsVersion = 7.2.1;
					};
				};
			};
			buildConfigurationList = F8EC48BC1CBAAA6700724512 /* Build configuration list for PBXProject "7.Protocols" */;
			compatibilityVersion = "Xcode 3.2";
			developmentRegion = English;
			hasScannedForEncodings = 0;
			knownRegions = (
				en,
				Base,
			);
			mainGroup = F8EC48B81CBAAA6700724512;
			productRefGroup = F8EC48C21CBAAA6700724512 /* Products */;
			projectDirPath = "";
			projectRoot = "";
			targets = (
				F8EC48C01CBAAA6700724512 /* 7.Protocols */,
			);
		};
/* End PBXProject section */

/* Begin PBXResourcesBuildPhase section */
		F8EC48BF1CBAAA6700724512 /* Resources */ = {
			isa = PBXResourcesBuildPhase;
			buildActionMask = 2147483647;
			files = (
				F8EC48D41CBAAA6700724512 /* LaunchScreen.storyboard in Resources */,
				F8EC48D11CBAAA6700724512 /* Assets.xcassets in Resources */,
				F8EC48CF1CBAAA6700724512 /* Main.storyboard in Resources */,
			);
			runOnlyForDeploymentPostprocessing = 0;
		};
/* End PBXResourcesBuildPhase section */

/* Begin PBXSourcesBuildPhase section */
		F8EC48BD1CBAAA6700724512 /* Sources */ = {
			isa = PBXSourcesBuildPhase;
			buildActionMask = 2147483647;
			files = (
				F8EC48CC1CBAAA6700724512 /* ViewController.m in Sources */,
				F8EC48F71CBAB18100724512 /* Horse.m in Sources */,
				F8EC48EA1CBAAC8F00724512 /* Runner.m in Sources */,
				F8EC48C91CBAAA6700724512 /* AppDelegate.m in Sources */,
				F8EC48C61CBAAA6700724512 /* main.m in Sources */,
				F8EC48E61CBAAC1200724512 /* Human.m in Sources */,
				F8EC48F41CBAB0F000724512 /* Kangaroo.m in Sources */,
				F8EC48F11CBAB00600724512 /* Animal.m in Sources */,
				F8EC48E71CBAAC1200724512 /* Jumper.m in Sources */,
				F8EC48ED1CBAACB000724512 /* Swimmer.m in Sources */,
			);
			runOnlyForDeploymentPostprocessing = 0;
		};
/* End PBXSourcesBuildPhase section */

/* Begin PBXVariantGroup section */
		F8EC48CD1CBAAA6700724512 /* Main.storyboard */ = {
			isa = PBXVariantGroup;
			children = (
				F8EC48CE1CBAAA6700724512 /* Base */,
			);
			name = Main.storyboard;
			sourceTree = "<group>";
		};
		F8EC48D21CBAAA6700724512 /* LaunchScreen.storyboard */ = {
			isa = PBXVariantGroup;
			children = (
				F8EC48D31CBAAA6700724512 /* Base */,
			);
			name = LaunchScreen.storyboard;
			sourceTree = "<group>";
		};
/* End PBXVariantGroup section */

/* Begin XCBuildConfiguration section */
		F8EC48D61CBAAA6700724512 /* Debug */ = {
			isa = XCBuildConfiguration;
			buildSettings = {
				ALWAYS_SEARCH_USER_PATHS = NO;
				CLANG_CXX_LANGUAGE_STANDARD = "gnu++0x";
				CLANG_CXX_LIBRARY = "libc++";
				CLANG_ENABLE_MODULES = YES;
				CLANG_ENABLE_OBJC_ARC = YES;
				CLANG_WARN_BOOL_CONVERSION = YES;
				CLANG_WARN_CONSTANT_CONVERSION = YES;
				CLANG_WARN_DIRECT_OBJC_ISA_USAGE = YES_ERROR;
				CLANG_WARN_EMPTY_BODY = YES;
				CLANG_WARN_ENUM_CONVERSION = YES;
				CLANG_WARN_INT_CONVERSION = YES;
				CLANG_WARN_OBJC_ROOT_CLASS = YES_ERROR;
				CLANG_WARN_UNREACHABLE_CODE = YES;
				CLANG_WARN__DUPLICATE_METHOD_MATCH = YES;
				"CODE_SIGN_IDENTITY[sdk=iphoneos*]" = "iPhone Developer";
				COPY_PHASE_STRIP = NO;
				DEBUG_INFORMATION_FORMAT = dwarf;
				ENABLE_STRICT_OBJC_MSGSEND = YES;
				ENABLE_TESTABILITY = YES;
				GCC_C_LANGUAGE_STANDARD = gnu99;
				GCC_DYNAMIC_NO_PIC = NO;
				GCC_NO_COMMON_BLOCKS = YES;
				GCC_OPTIMIZATION_LEVEL = 0;
				GCC_PREPROCESSOR_DEFINITIONS = (
					"DEBUG=1",
					"$(inherited)",
				);
				GCC_WARN_64_TO_32_BIT_CONVERSION = YES;
				GCC_WARN_ABOUT_RETURN_TYPE = YES_ERROR;
				GCC_WARN_UNDECLARED_SELECTOR = YES;
				GCC_WARN_UNINITIALIZED_AUTOS = YES_AGGRESSIVE;
				GCC_WARN_UNUSED_FUNCTION = YES;
				GCC_WARN_UNUSED_VARIABLE = YES;
				IPHONEOS_DEPLOYMENT_TARGET = 9.2;
				MTL_ENABLE_DEBUG_INFO = YES;
				ONLY_ACTIVE_ARCH = YES;
				SDKROOT = iphoneos;
				TARGETED_DEVICE_FAMILY = "1,2";
			};
			name = Debug;
		};
		F8EC48D71CBAAA6700724512 /* Release */ = {
			isa = XCBuildConfiguration;
			buildSettings = {
				ALWAYS_SEARCH_USER_PATHS = NO;
				CLANG_CXX_LANGUAGE_STANDARD = "gnu++0x";
				CLANG_CXX_LIBRARY = "libc++";
				CLANG_ENABLE_MODULES = YES;
				CLANG_ENABLE_OBJC_ARC = YES;
				CLANG_WARN_BOOL_CONVERSION = YES;
				CLANG_WARN_CONSTANT_CONVERSION = YES;
				CLANG_WARN_DIRECT_OBJC_ISA_USAGE = YES_ERROR;
				CLANG_WARN_EMPTY_BODY = YES;
				CLANG_WARN_ENUM_CONVERSION = YES;
				CLANG_WARN_INT_CONVERSION = YES;
				CLANG_WARN_OBJC_ROOT_CLASS = YES_ERROR;
				CLANG_WARN_UNREACHABLE_CODE = YES;
				CLANG_WARN__DUPLICATE_METHOD_MATCH = YES;
				"CODE_SIGN_IDENTITY[sdk=iphoneos*]" = "iPhone Developer";
				COPY_PHASE_STRIP = NO;
				DEBUG_INFORMATION_FORMAT = "dwarf-with-dsym";
				ENABLE_NS_ASSERTIONS = NO;
				ENABLE_STRICT_OBJC_MSGSEND = YES;
				GCC_C_LANGUAGE_STANDARD = gnu99;
				GCC_NO_COMMON_BLOCKS = YES;
				GCC_WARN_64_TO_32_BIT_CONVERSION = YES;
				GCC_WARN_ABOUT_RETURN_TYPE = YES_ERROR;
				GCC_WARN_UNDECLARED_SELECTOR = YES;
				GCC_WARN_UNINITIALIZED_AUTOS = YES_AGGRESSIVE;
				GCC_WARN_UNUSED_FUNCTION = YES;
				GCC_WARN_UNUSED_VARIABLE = YES;
				IPHONEOS_DEPLOYMENT_TARGET = 9.2;
				MTL_ENABLE_DEBUG_INFO = NO;
				SDKROOT = iphoneos;
				TARGETED_DEVICE_FAMILY = "1,2";
				VALIDATE_PRODUCT = YES;
			};
			name = Release;
		};
		F8EC48D91CBAAA6700724512 /* Debug */ = {
			isa = XCBuildConfiguration;
			buildSettings = {
				ASSETCATALOG_COMPILER_APPICON_NAME = AppIcon;
				INFOPLIST_FILE = 7.Protocols/Info.plist;
				LD_RUNPATH_SEARCH_PATHS = "$(inherited) @executable_path/Frameworks";
				PRODUCT_BUNDLE_IDENTIFIER = "AV.--Protocols";
				PRODUCT_NAME = "$(TARGET_NAME)";
			};
			name = Debug;
		};
		F8EC48DA1CBAAA6700724512 /* Release */ = {
			isa = XCBuildConfiguration;
			buildSettings = {
				ASSETCATALOG_COMPILER_APPICON_NAME = AppIcon;
				INFOPLIST_FILE = 7.Protocols/Info.plist;
				LD_RUNPATH_SEARCH_PATHS = "$(inherited) @executable_path/Frameworks";
				PRODUCT_BUNDLE_IDENTIFIER = "AV.--Protocols";
				PRODUCT_NAME = "$(TARGET_NAME)";
			};
			name = Release;
		};
/* End XCBuildConfiguration section */

/* Begin XCConfigurationList section */
		F8EC48BC1CBAAA6700724512 /* Build configuration list for PBXProject "7.Protocols" */ = {
			isa = XCConfigurationList;
			buildConfigurations = (
				F8EC48D61CBAAA6700724512 /* Debug */,
				F8EC48D71CBAAA6700724512 /* Release */,
			);
			defaultConfigurationIsVisible = 0;
			defaultConfigurationName = Release;
		};
		F8EC48D81CBAAA6700724512 /* Build configuration list for PBXNativeTarget "7.Protocols" */ = {
			isa = XCConfigurationList;
			buildConfigurations = (
				F8EC48D91CBAAA6700724512 /* Debug */,
				F8EC48DA1CBAAA6700724512 /* Release */,
			);
			defaultConfigurationIsVisible = 0;
		};
/* End XCConfigurationList section */
	};
	rootObject = F8EC48B91CBAAA6700724512 /* Project object */;
}
